// !$*UTF8*$!
{
	archiveVersion = 1;
	classes = {
	};
	objectVersion = 77;
	objects = {

/* Begin PBXBuildFile section */
		751FCFD32E05A5EC00FE44D3 /* Assets.xcassets in Resources */ = {isa = PBXBuildFile; fileRef = 751FCFCF2E05A5EC00FE44D3 /* Assets.xcassets */; };
		751FCFD52E05A5EC00FE44D3 /* MixlyApp.swift in Sources */ = {isa = PBXBuildFile; fileRef = 751FCFD12E05A5EC00FE44D3 /* MixlyApp.swift */; };
		751FCFD82E05A75300FE44D3 /* PersistenceController.swift in Sources */ = {isa = PBXBuildFile; fileRef = 751FCFD72E05A75300FE44D3 /* PersistenceController.swift */; };
		751FCFDD2E05AF2200FE44D3 /* CocktailModel.swift in Sources */ = {isa = PBXBuildFile; fileRef = 751FCFDC2E05AF2200FE44D3 /* CocktailModel.swift */; };
		751FCFE02E05B14500FE44D3 /* cocktails.json in Resources */ = {isa = PBXBuildFile; fileRef = 751FCFDF2E05B14500FE44D3 /* cocktails.json */; };
		751FCFE32E05B22C00FE44D3 /* CocktailProvider.swift in Sources */ = {isa = PBXBuildFile; fileRef = 751FCFE22E05B22C00FE44D3 /* CocktailProvider.swift */; };
		751FCFE62E05B50900FE44D3 /* MixlyModel.xcdatamodeld in Sources */ = {isa = PBXBuildFile; fileRef = 751FCFE42E05B50900FE44D3 /* MixlyModel.xcdatamodeld */; };
		753E528C2E1B0FA500ECFAA4 /* IngredientModel.swift in Sources */ = {isa = PBXBuildFile; fileRef = 753E528B2E1B0FA500ECFAA4 /* IngredientModel.swift */; };
		753E528E2E1B0FD300ECFAA4 /* CategoryModel+GlassTypeModel.swift in Sources */ = {isa = PBXBuildFile; fileRef = 753E528D2E1B0FD300ECFAA4 /* CategoryModel+GlassTypeModel.swift */; };
		753E52902E1B0FF500ECFAA4 /* CocktailDataModel.swift in Sources */ = {isa = PBXBuildFile; fileRef = 753E528F2E1B0FF500ECFAA4 /* CocktailDataModel.swift */; };
		753E52932E1B12A500ECFAA4 /* View+CocktailList.swift in Sources */ = {isa = PBXBuildFile; fileRef = 753E52922E1B12A500ECFAA4 /* View+CocktailList.swift */; };
		753E52962E1B1B0800ECFAA4 /* View+CategoryCardList.swift in Sources */ = {isa = PBXBuildFile; fileRef = 753E52952E1B1B0800ECFAA4 /* View+CategoryCardList.swift */; };
		753E529A2E1B20AB00ECFAA4 /* View+AddIngredientToolbar.swift in Sources */ = {isa = PBXBuildFile; fileRef = 753E52992E1B20AB00ECFAA4 /* View+AddIngredientToolbar.swift */; };
		75BC329E2E0613B000D2368F /* BaseCocktailService.swift in Sources */ = {isa = PBXBuildFile; fileRef = 75BC329D2E0613B000D2368F /* BaseCocktailService.swift */; };
		75BC32A02E06150700D2368F /* CocktailService.swift in Sources */ = {isa = PBXBuildFile; fileRef = 75BC329F2E06150700D2368F /* CocktailService.swift */; };
		75BC32AA2E06337900D2368F /* BaseCocktailService+Filter.swift in Sources */ = {isa = PBXBuildFile; fileRef = 75BC32A92E06337900D2368F /* BaseCocktailService+Filter.swift */; };
		75BC32AC2E0633E100D2368F /* BaseCocktailService+Search.swift in Sources */ = {isa = PBXBuildFile; fileRef = 75BC32AB2E0633E100D2368F /* BaseCocktailService+Search.swift */; };
		75BC32AE2E06343C00D2368F /* BaseCocktailService+Favourites.swift in Sources */ = {isa = PBXBuildFile; fileRef = 75BC32AD2E06343C00D2368F /* BaseCocktailService+Favourites.swift */; };
		75BC32B02E0634A900D2368F /* BaseCocktailService+Ingredients.swift in Sources */ = {isa = PBXBuildFile; fileRef = 75BC32AF2E0634A900D2368F /* BaseCocktailService+Ingredients.swift */; };
		75BC32B32E0644CF00D2368F /* CocktailViewModel.swift in Sources */ = {isa = PBXBuildFile; fileRef = 75BC32B22E0644CF00D2368F /* CocktailViewModel.swift */; };
		75D853802E07BF6C00D519A0 /* SearchCocktailsView.swift in Sources */ = {isa = PBXBuildFile; fileRef = 75D8537F2E07BF6C00D519A0 /* SearchCocktailsView.swift */; };
		75ED598E2E08F2B00012B477 /* CategoryCardView.swift in Sources */ = {isa = PBXBuildFile; fileRef = 75ED598D2E08F2B00012B477 /* CategoryCardView.swift */; };
		75ED59902E08F6670012B477 /* BaseCocktailService+Categories.swift in Sources */ = {isa = PBXBuildFile; fileRef = 75ED598F2E08F6670012B477 /* BaseCocktailService+Categories.swift */; };
		75ED59922E08FB1C0012B477 /* View+CocktailCardView.swift in Sources */ = {isa = PBXBuildFile; fileRef = 75ED59912E08FB1C0012B477 /* View+CocktailCardView.swift */; };
/* End PBXBuildFile section */

/* Begin PBXFileReference section */
		751FCFCF2E05A5EC00FE44D3 /* Assets.xcassets */ = {isa = PBXFileReference; lastKnownFileType = folder.assetcatalog; path = Assets.xcassets; sourceTree = "<group>"; };
		751FCFD12E05A5EC00FE44D3 /* MixlyApp.swift */ = {isa = PBXFileReference; lastKnownFileType = sourcecode.swift; path = MixlyApp.swift; sourceTree = "<group>"; };
		751FCFD72E05A75300FE44D3 /* PersistenceController.swift */ = {isa = PBXFileReference; lastKnownFileType = sourcecode.swift; path = PersistenceController.swift; sourceTree = "<group>"; };
		751FCFDC2E05AF2200FE44D3 /* CocktailModel.swift */ = {isa = PBXFileReference; lastKnownFileType = sourcecode.swift; path = CocktailModel.swift; sourceTree = "<group>"; };
		751FCFDF2E05B14500FE44D3 /* cocktails.json */ = {isa = PBXFileReference; lastKnownFileType = text.json; path = cocktails.json; sourceTree = "<group>"; };
		751FCFE22E05B22C00FE44D3 /* CocktailProvider.swift */ = {isa = PBXFileReference; lastKnownFileType = sourcecode.swift; path = CocktailProvider.swift; sourceTree = "<group>"; };
		751FCFE52E05B50900FE44D3 /* MixlyModel.xcdatamodel */ = {isa = PBXFileReference; lastKnownFileType = wrapper.xcdatamodel; path = MixlyModel.xcdatamodel; sourceTree = "<group>"; };
		753E528B2E1B0FA500ECFAA4 /* IngredientModel.swift */ = {isa = PBXFileReference; lastKnownFileType = sourcecode.swift; path = IngredientModel.swift; sourceTree = "<group>"; };
		753E528D2E1B0FD300ECFAA4 /* CategoryModel+GlassTypeModel.swift */ = {isa = PBXFileReference; lastKnownFileType = sourcecode.swift; path = "CategoryModel+GlassTypeModel.swift"; sourceTree = "<group>"; };
		753E528F2E1B0FF500ECFAA4 /* CocktailDataModel.swift */ = {isa = PBXFileReference; lastKnownFileType = sourcecode.swift; path = CocktailDataModel.swift; sourceTree = "<group>"; };
		753E52922E1B12A500ECFAA4 /* View+CocktailList.swift */ = {isa = PBXFileReference; lastKnownFileType = sourcecode.swift; path = "View+CocktailList.swift"; sourceTree = "<group>"; };
		753E52952E1B1B0800ECFAA4 /* View+CategoryCardList.swift */ = {isa = PBXFileReference; lastKnownFileType = sourcecode.swift; path = "View+CategoryCardList.swift"; sourceTree = "<group>"; };
		753E52992E1B20AB00ECFAA4 /* View+AddIngredientToolbar.swift */ = {isa = PBXFileReference; lastKnownFileType = sourcecode.swift; path = "View+AddIngredientToolbar.swift"; sourceTree = "<group>"; };
		759ADBB82E05039C00372684 /* Mixly.app */ = {isa = PBXFileReference; explicitFileType = wrapper.application; includeInIndex = 0; path = Mixly.app; sourceTree = BUILT_PRODUCTS_DIR; };
		75BC329D2E0613B000D2368F /* BaseCocktailService.swift */ = {isa = PBXFileReference; lastKnownFileType = sourcecode.swift; path = BaseCocktailService.swift; sourceTree = "<group>"; };
		75BC329F2E06150700D2368F /* CocktailService.swift */ = {isa = PBXFileReference; lastKnownFileType = sourcecode.swift; path = CocktailService.swift; sourceTree = "<group>"; };
		75BC32A92E06337900D2368F /* BaseCocktailService+Filter.swift */ = {isa = PBXFileReference; lastKnownFileType = sourcecode.swift; path = "BaseCocktailService+Filter.swift"; sourceTree = "<group>"; };
		75BC32AB2E0633E100D2368F /* BaseCocktailService+Search.swift */ = {isa = PBXFileReference; lastKnownFileType = sourcecode.swift; path = "BaseCocktailService+Search.swift"; sourceTree = "<group>"; };
		75BC32AD2E06343C00D2368F /* BaseCocktailService+Favourites.swift */ = {isa = PBXFileReference; lastKnownFileType = sourcecode.swift; path = "BaseCocktailService+Favourites.swift"; sourceTree = "<group>"; };
		75BC32AF2E0634A900D2368F /* BaseCocktailService+Ingredients.swift */ = {isa = PBXFileReference; lastKnownFileType = sourcecode.swift; path = "BaseCocktailService+Ingredients.swift"; sourceTree = "<group>"; };
		75BC32B22E0644CF00D2368F /* CocktailViewModel.swift */ = {isa = PBXFileReference; lastKnownFileType = sourcecode.swift; path = CocktailViewModel.swift; sourceTree = "<group>"; };
		75D8537F2E07BF6C00D519A0 /* SearchCocktailsView.swift */ = {isa = PBXFileReference; lastKnownFileType = sourcecode.swift; path = SearchCocktailsView.swift; sourceTree = "<group>"; };
		75ED598D2E08F2B00012B477 /* CategoryCardView.swift */ = {isa = PBXFileReference; lastKnownFileType = sourcecode.swift; path = CategoryCardView.swift; sourceTree = "<group>"; };
		75ED598F2E08F6670012B477 /* BaseCocktailService+Categories.swift */ = {isa = PBXFileReference; lastKnownFileType = sourcecode.swift; path = "BaseCocktailService+Categories.swift"; sourceTree = "<group>"; };
		75ED59912E08FB1C0012B477 /* View+CocktailCardView.swift */ = {isa = PBXFileReference; lastKnownFileType = sourcecode.swift; path = "View+CocktailCardView.swift"; sourceTree = "<group>"; };
/* End PBXFileReference section */

/* Begin PBXFrameworksBuildPhase section */
		759ADBB52E05039C00372684 /* Frameworks */ = {
			isa = PBXFrameworksBuildPhase;
			buildActionMask = 2147483647;
			files = (
			);
			runOnlyForDeploymentPostprocessing = 0;
		};
/* End PBXFrameworksBuildPhase section */

/* Begin PBXGroup section */
		751FCFD22E05A5EC00FE44D3 /* Mixly */ = {
			isa = PBXGroup;
			children = (
				753E528A2E1B0DD500ECFAA4 /* App */,
				753E52872E1B0B4700ECFAA4 /* Screens */,
				75BC329C2E06137500D2368F /* Services */,
				751FCFD62E05A69100FE44D3 /* Utils */,
				751FCFDE2E05B12600FE44D3 /* Resources */,
				751FCFE42E05B50900FE44D3 /* MixlyModel.xcdatamodeld */,
			);
			path = Mixly;
			sourceTree = "<group>";
		};
		751FCFD62E05A69100FE44D3 /* Utils */ = {
			isa = PBXGroup;
			children = (
				753E52912E1B10C900ECFAA4 /* Extensions */,
				753E52892E1B0D7C00ECFAA4 /* PersistenceController */,
			);
			path = Utils;
			sourceTree = "<group>";
		};
		751FCFDB2E05AF1200FE44D3 /* Models */ = {
			isa = PBXGroup;
			children = (
				753E528F2E1B0FF500ECFAA4 /* CocktailDataModel.swift */,
				751FCFDC2E05AF2200FE44D3 /* CocktailModel.swift */,
				753E528B2E1B0FA500ECFAA4 /* IngredientModel.swift */,
				753E528D2E1B0FD300ECFAA4 /* CategoryModel+GlassTypeModel.swift */,
			);
			path = Models;
			sourceTree = "<group>";
		};
		751FCFDE2E05B12600FE44D3 /* Resources */ = {
			isa = PBXGroup;
			children = (
				751FCFDF2E05B14500FE44D3 /* cocktails.json */,
				751FCFCF2E05A5EC00FE44D3 /* Assets.xcassets */,
			);
			path = Resources;
			sourceTree = "<group>";
		};
		751FCFE12E05B18C00FE44D3 /* Views */ = {
			isa = PBXGroup;
			children = (
				75D8537F2E07BF6C00D519A0 /* SearchCocktailsView.swift */,
			);
			path = Views;
			sourceTree = "<group>";
		};
		753E52872E1B0B4700ECFAA4 /* Screens */ = {
			isa = PBXGroup;
			children = (
				753E52882E1B0B8200ECFAA4 /* SearchScreen */,
			);
			path = Screens;
			sourceTree = "<group>";
		};
		753E52882E1B0B8200ECFAA4 /* SearchScreen */ = {
			isa = PBXGroup;
			children = (
				751FCFDB2E05AF1200FE44D3 /* Models */,
				751FCFE12E05B18C00FE44D3 /* Views */,
				75BC32B12E0644B800D2368F /* ViewModels */,
				753E52942E1B19F500ECFAA4 /* Components */,
			);
			path = SearchScreen;
			sourceTree = "<group>";
		};
		753E52892E1B0D7C00ECFAA4 /* PersistenceController */ = {
			isa = PBXGroup;
			children = (
				751FCFD72E05A75300FE44D3 /* PersistenceController.swift */,
				751FCFE22E05B22C00FE44D3 /* CocktailProvider.swift */,
			);
			path = PersistenceController;
			sourceTree = "<group>";
		};
		753E528A2E1B0DD500ECFAA4 /* App */ = {
			isa = PBXGroup;
			children = (
				751FCFD12E05A5EC00FE44D3 /* MixlyApp.swift */,
			);
			path = App;
			sourceTree = "<group>";
		};
		753E52912E1B10C900ECFAA4 /* Extensions */ = {
			isa = PBXGroup;
			children = (
				753E52922E1B12A500ECFAA4 /* View+CocktailList.swift */,
				753E52952E1B1B0800ECFAA4 /* View+CategoryCardList.swift */,
				753E52992E1B20AB00ECFAA4 /* View+AddIngredientToolbar.swift */,
				75ED59912E08FB1C0012B477 /* View+CocktailCardView.swift */,
			);
			path = Extensions;
			sourceTree = "<group>";
		};
		753E52942E1B19F500ECFAA4 /* Components */ = {
			isa = PBXGroup;
			children = (
				75ED598D2E08F2B00012B477 /* CategoryCardView.swift */,
			);
			path = Components;
			sourceTree = "<group>";
		};
		759ADBAF2E05039C00372684 = {
			isa = PBXGroup;
			children = (
				751FCFD22E05A5EC00FE44D3 /* Mixly */,
				759ADBB92E05039C00372684 /* Products */,
			);
			sourceTree = "<group>";
		};
		759ADBB92E05039C00372684 /* Products */ = {
			isa = PBXGroup;
			children = (
				759ADBB82E05039C00372684 /* Mixly.app */,
			);
			name = Products;
			sourceTree = "<group>";
		};
		75BC329C2E06137500D2368F /* Services */ = {
			isa = PBXGroup;
			children = (
				75BC329F2E06150700D2368F /* CocktailService.swift */,
				75BC329D2E0613B000D2368F /* BaseCocktailService.swift */,
				75BC32A92E06337900D2368F /* BaseCocktailService+Filter.swift */,
				75BC32AB2E0633E100D2368F /* BaseCocktailService+Search.swift */,
				75BC32AD2E06343C00D2368F /* BaseCocktailService+Favourites.swift */,
				75BC32AF2E0634A900D2368F /* BaseCocktailService+Ingredients.swift */,
				75ED598F2E08F6670012B477 /* BaseCocktailService+Categories.swift */,
			);
			path = Services;
			sourceTree = "<group>";
		};
		75BC32B12E0644B800D2368F /* ViewModels */ = {
			isa = PBXGroup;
			children = (
				75BC32B22E0644CF00D2368F /* CocktailViewModel.swift */,
			);
			path = ViewModels;
			sourceTree = "<group>";
		};
/* End PBXGroup section */

/* Begin PBXNativeTarget section */
		759ADBB72E05039C00372684 /* Mixly */ = {
			isa = PBXNativeTarget;
			buildConfigurationList = 759ADBC32E05039F00372684 /* Build configuration list for PBXNativeTarget "Mixly" */;
			buildPhases = (
				759ADBB42E05039C00372684 /* Sources */,
				759ADBB52E05039C00372684 /* Frameworks */,
				759ADBB62E05039C00372684 /* Resources */,
			);
			buildRules = (
			);
			dependencies = (
			);
			name = Mixly;
			packageProductDependencies = (
			);
			productName = Mixly;
			productReference = 759ADBB82E05039C00372684 /* Mixly.app */;
			productType = "com.apple.product-type.application";
		};
/* End PBXNativeTarget section */

/* Begin PBXProject section */
		759ADBB02E05039C00372684 /* Project object */ = {
			isa = PBXProject;
			attributes = {
				BuildIndependentTargetsInParallel = 1;
				LastSwiftUpdateCheck = 1640;
				LastUpgradeCheck = 1640;
				TargetAttributes = {
					759ADBB72E05039C00372684 = {
						CreatedOnToolsVersion = 16.4;
					};
				};
			};
			buildConfigurationList = 759ADBB32E05039C00372684 /* Build configuration list for PBXProject "Mixly" */;
			developmentRegion = en;
			hasScannedForEncodings = 0;
			knownRegions = (
				en,
				Base,
			);
			mainGroup = 759ADBAF2E05039C00372684;
			minimizedProjectReferenceProxies = 1;
			preferredProjectObjectVersion = 77;
			productRefGroup = 759ADBB92E05039C00372684 /* Products */;
			projectDirPath = "";
			projectRoot = "";
			targets = (
				759ADBB72E05039C00372684 /* Mixly */,
			);
		};
/* End PBXProject section */

/* Begin PBXResourcesBuildPhase section */
		759ADBB62E05039C00372684 /* Resources */ = {
			isa = PBXResourcesBuildPhase;
			buildActionMask = 2147483647;
			files = (
				751FCFD32E05A5EC00FE44D3 /* Assets.xcassets in Resources */,
				751FCFE02E05B14500FE44D3 /* cocktails.json in Resources */,
			);
			runOnlyForDeploymentPostprocessing = 0;
		};
/* End PBXResourcesBuildPhase section */

/* Begin PBXSourcesBuildPhase section */
		759ADBB42E05039C00372684 /* Sources */ = {
			isa = PBXSourcesBuildPhase;
			buildActionMask = 2147483647;
			files = (
				753E528E2E1B0FD300ECFAA4 /* CategoryModel+GlassTypeModel.swift in Sources */,
				75BC329E2E0613B000D2368F /* BaseCocktailService.swift in Sources */,
				753E52962E1B1B0800ECFAA4 /* View+CategoryCardList.swift in Sources */,
				75BC32B02E0634A900D2368F /* BaseCocktailService+Ingredients.swift in Sources */,
				751FCFD82E05A75300FE44D3 /* PersistenceController.swift in Sources */,
				753E529A2E1B20AB00ECFAA4 /* View+AddIngredientToolbar.swift in Sources */,
				751FCFE32E05B22C00FE44D3 /* CocktailProvider.swift in Sources */,
				75ED598E2E08F2B00012B477 /* CategoryCardView.swift in Sources */,
				75D853802E07BF6C00D519A0 /* SearchCocktailsView.swift in Sources */,
				75BC32A02E06150700D2368F /* CocktailService.swift in Sources */,
				751FCFDD2E05AF2200FE44D3 /* CocktailModel.swift in Sources */,
				751FCFE62E05B50900FE44D3 /* MixlyModel.xcdatamodeld in Sources */,
				75BC32AC2E0633E100D2368F /* BaseCocktailService+Search.swift in Sources */,
				75BC32AE2E06343C00D2368F /* BaseCocktailService+Favourites.swift in Sources */,
				75BC32B32E0644CF00D2368F /* CocktailViewModel.swift in Sources */,
				751FCFD52E05A5EC00FE44D3 /* MixlyApp.swift in Sources */,
				753E52902E1B0FF500ECFAA4 /* CocktailDataModel.swift in Sources */,
				753E528C2E1B0FA500ECFAA4 /* IngredientModel.swift in Sources */,
				75BC32AA2E06337900D2368F /* BaseCocktailService+Filter.swift in Sources */,
				753E52932E1B12A500ECFAA4 /* View+CocktailList.swift in Sources */,
				75ED59922E08FB1C0012B477 /* View+CocktailCardView.swift in Sources */,
				75ED59902E08F6670012B477 /* BaseCocktailService+Categories.swift in Sources */,
			);
			runOnlyForDeploymentPostprocessing = 0;
		};
/* End PBXSourcesBuildPhase section */

/* Begin XCBuildConfiguration section */
		759ADBC12E05039F00372684 /* Debug */ = {
			isa = XCBuildConfiguration;
			buildSettings = {
				ALWAYS_SEARCH_USER_PATHS = NO;
				ASSETCATALOG_COMPILER_GENERATE_SWIFT_ASSET_SYMBOL_EXTENSIONS = YES;
				CLANG_ANALYZER_NONNULL = YES;
				CLANG_ANALYZER_NUMBER_OBJECT_CONVERSION = YES_AGGRESSIVE;
				CLANG_CXX_LANGUAGE_STANDARD = "gnu++20";
				CLANG_ENABLE_MODULES = YES;
				CLANG_ENABLE_OBJC_ARC = YES;
				CLANG_ENABLE_OBJC_WEAK = YES;
				CLANG_WARN_BLOCK_CAPTURE_AUTORELEASING = YES;
				CLANG_WARN_BOOL_CONVERSION = YES;
				CLANG_WARN_COMMA = YES;
				CLANG_WARN_CONSTANT_CONVERSION = YES;
				CLANG_WARN_DEPRECATED_OBJC_IMPLEMENTATIONS = YES;
				CLANG_WARN_DIRECT_OBJC_ISA_USAGE = YES_ERROR;
				CLANG_WARN_DOCUMENTATION_COMMENTS = YES;
				CLANG_WARN_EMPTY_BODY = YES;
				CLANG_WARN_ENUM_CONVERSION = YES;
				CLANG_WARN_INFINITE_RECURSION = YES;
				CLANG_WARN_INT_CONVERSION = YES;
				CLANG_WARN_NON_LITERAL_NULL_CONVERSION = YES;
				CLANG_WARN_OBJC_IMPLICIT_RETAIN_SELF = YES;
				CLANG_WARN_OBJC_LITERAL_CONVERSION = YES;
				CLANG_WARN_OBJC_ROOT_CLASS = YES_ERROR;
				CLANG_WARN_QUOTED_INCLUDE_IN_FRAMEWORK_HEADER = YES;
				CLANG_WARN_RANGE_LOOP_ANALYSIS = YES;
				CLANG_WARN_STRICT_PROTOTYPES = YES;
				CLANG_WARN_SUSPICIOUS_MOVE = YES;
				CLANG_WARN_UNGUARDED_AVAILABILITY = YES_AGGRESSIVE;
				CLANG_WARN_UNREACHABLE_CODE = YES;
				CLANG_WARN__DUPLICATE_METHOD_MATCH = YES;
				COPY_PHASE_STRIP = NO;
				DEBUG_INFORMATION_FORMAT = dwarf;
				DEVELOPMENT_TEAM = LC4B2V6XMC;
				ENABLE_STRICT_OBJC_MSGSEND = YES;
				ENABLE_TESTABILITY = YES;
				ENABLE_USER_SCRIPT_SANDBOXING = YES;
				GCC_C_LANGUAGE_STANDARD = gnu17;
				GCC_DYNAMIC_NO_PIC = NO;
				GCC_NO_COMMON_BLOCKS = YES;
				GCC_OPTIMIZATION_LEVEL = 0;
				GCC_PREPROCESSOR_DEFINITIONS = (
					"DEBUG=1",
					"$(inherited)",
				);
				GCC_WARN_64_TO_32_BIT_CONVERSION = YES;
				GCC_WARN_ABOUT_RETURN_TYPE = YES_ERROR;
				GCC_WARN_UNDECLARED_SELECTOR = YES;
				GCC_WARN_UNINITIALIZED_AUTOS = YES_AGGRESSIVE;
				GCC_WARN_UNUSED_FUNCTION = YES;
				GCC_WARN_UNUSED_VARIABLE = YES;
				IPHONEOS_DEPLOYMENT_TARGET = 18.5;
				LOCALIZATION_PREFERS_STRING_CATALOGS = YES;
				MTL_ENABLE_DEBUG_INFO = INCLUDE_SOURCE;
				MTL_FAST_MATH = YES;
				ONLY_ACTIVE_ARCH = YES;
				SDKROOT = iphoneos;
				SWIFT_ACTIVE_COMPILATION_CONDITIONS = "DEBUG $(inherited)";
				SWIFT_OPTIMIZATION_LEVEL = "-Onone";
			};
			name = Debug;
		};
		759ADBC22E05039F00372684 /* Release */ = {
			isa = XCBuildConfiguration;
			buildSettings = {
				ALWAYS_SEARCH_USER_PATHS = NO;
				ASSETCATALOG_COMPILER_GENERATE_SWIFT_ASSET_SYMBOL_EXTENSIONS = YES;
				CLANG_ANALYZER_NONNULL = YES;
				CLANG_ANALYZER_NUMBER_OBJECT_CONVERSION = YES_AGGRESSIVE;
				CLANG_CXX_LANGUAGE_STANDARD = "gnu++20";
				CLANG_ENABLE_MODULES = YES;
				CLANG_ENABLE_OBJC_ARC = YES;
				CLANG_ENABLE_OBJC_WEAK = YES;
				CLANG_WARN_BLOCK_CAPTURE_AUTORELEASING = YES;
				CLANG_WARN_BOOL_CONVERSION = YES;
				CLANG_WARN_COMMA = YES;
				CLANG_WARN_CONSTANT_CONVERSION = YES;
				CLANG_WARN_DEPRECATED_OBJC_IMPLEMENTATIONS = YES;
				CLANG_WARN_DIRECT_OBJC_ISA_USAGE = YES_ERROR;
				CLANG_WARN_DOCUMENTATION_COMMENTS = YES;
				CLANG_WARN_EMPTY_BODY = YES;
				CLANG_WARN_ENUM_CONVERSION = YES;
				CLANG_WARN_INFINITE_RECURSION = YES;
				CLANG_WARN_INT_CONVERSION = YES;
				CLANG_WARN_NON_LITERAL_NULL_CONVERSION = YES;
				CLANG_WARN_OBJC_IMPLICIT_RETAIN_SELF = YES;
				CLANG_WARN_OBJC_LITERAL_CONVERSION = YES;
				CLANG_WARN_OBJC_ROOT_CLASS = YES_ERROR;
				CLANG_WARN_QUOTED_INCLUDE_IN_FRAMEWORK_HEADER = YES;
				CLANG_WARN_RANGE_LOOP_ANALYSIS = YES;
				CLANG_WARN_STRICT_PROTOTYPES = YES;
				CLANG_WARN_SUSPICIOUS_MOVE = YES;
				CLANG_WARN_UNGUARDED_AVAILABILITY = YES_AGGRESSIVE;
				CLANG_WARN_UNREACHABLE_CODE = YES;
				CLANG_WARN__DUPLICATE_METHOD_MATCH = YES;
				COPY_PHASE_STRIP = NO;
				DEBUG_INFORMATION_FORMAT = "dwarf-with-dsym";
				DEVELOPMENT_TEAM = LC4B2V6XMC;
				ENABLE_NS_ASSERTIONS = NO;
				ENABLE_STRICT_OBJC_MSGSEND = YES;
				ENABLE_USER_SCRIPT_SANDBOXING = YES;
				GCC_C_LANGUAGE_STANDARD = gnu17;
				GCC_NO_COMMON_BLOCKS = YES;
				GCC_WARN_64_TO_32_BIT_CONVERSION = YES;
				GCC_WARN_ABOUT_RETURN_TYPE = YES_ERROR;
				GCC_WARN_UNDECLARED_SELECTOR = YES;
				GCC_WARN_UNINITIALIZED_AUTOS = YES_AGGRESSIVE;
				GCC_WARN_UNUSED_FUNCTION = YES;
				GCC_WARN_UNUSED_VARIABLE = YES;
				IPHONEOS_DEPLOYMENT_TARGET = 18.5;
				LOCALIZATION_PREFERS_STRING_CATALOGS = YES;
				MTL_ENABLE_DEBUG_INFO = NO;
				MTL_FAST_MATH = YES;
				SDKROOT = iphoneos;
				SWIFT_COMPILATION_MODE = wholemodule;
				VALIDATE_PRODUCT = YES;
			};
			name = Release;
		};
		759ADBC42E05039F00372684 /* Debug */ = {
			isa = XCBuildConfiguration;
			buildSettings = {
				ASSETCATALOG_COMPILER_APPICON_NAME = AppIcon;
				ASSETCATALOG_COMPILER_GLOBAL_ACCENT_COLOR_NAME = AccentColor;
				CODE_SIGN_STYLE = Automatic;
				CURRENT_PROJECT_VERSION = 1;
				DEVELOPMENT_TEAM = LC4B2V6XMC;
				ENABLE_PREVIEWS = YES;
				GENERATE_INFOPLIST_FILE = YES;
				INFOPLIST_KEY_UIApplicationSceneManifest_Generation = YES;
				INFOPLIST_KEY_UIApplicationSupportsIndirectInputEvents = YES;
				INFOPLIST_KEY_UILaunchScreen_Generation = YES;
				INFOPLIST_KEY_UISupportedInterfaceOrientations_iPad = "UIInterfaceOrientationPortrait UIInterfaceOrientationPortraitUpsideDown UIInterfaceOrientationLandscapeLeft UIInterfaceOrientationLandscapeRight";
				INFOPLIST_KEY_UISupportedInterfaceOrientations_iPhone = "UIInterfaceOrientationPortrait UIInterfaceOrientationLandscapeLeft UIInterfaceOrientationLandscapeRight";
				LD_RUNPATH_SEARCH_PATHS = (
					"$(inherited)",
					"@executable_path/Frameworks",
				);
				MARKETING_VERSION = 1.0;
				PRODUCT_BUNDLE_IDENTIFIER = Ross.Mixly;
				PRODUCT_NAME = "$(TARGET_NAME)";
				SWIFT_EMIT_LOC_STRINGS = YES;
				SWIFT_VERSION = 5.0;
				TARGETED_DEVICE_FAMILY = "1,2";
			};
			name = Debug;
		};
		759ADBC52E05039F00372684 /* Release */ = {
			isa = XCBuildConfiguration;
			buildSettings = {
				ASSETCATALOG_COMPILER_APPICON_NAME = AppIcon;
				ASSETCATALOG_COMPILER_GLOBAL_ACCENT_COLOR_NAME = AccentColor;
				CODE_SIGN_STYLE = Automatic;
				CURRENT_PROJECT_VERSION = 1;
				DEVELOPMENT_TEAM = LC4B2V6XMC;
				ENABLE_PREVIEWS = YES;
				GENERATE_INFOPLIST_FILE = YES;
				INFOPLIST_KEY_UIApplicationSceneManifest_Generation = YES;
				INFOPLIST_KEY_UIApplicationSupportsIndirectInputEvents = YES;
				INFOPLIST_KEY_UILaunchScreen_Generation = YES;
				INFOPLIST_KEY_UISupportedInterfaceOrientations_iPad = "UIInterfaceOrientationPortrait UIInterfaceOrientationPortraitUpsideDown UIInterfaceOrientationLandscapeLeft UIInterfaceOrientationLandscapeRight";
				INFOPLIST_KEY_UISupportedInterfaceOrientations_iPhone = "UIInterfaceOrientationPortrait UIInterfaceOrientationLandscapeLeft UIInterfaceOrientationLandscapeRight";
				LD_RUNPATH_SEARCH_PATHS = (
					"$(inherited)",
					"@executable_path/Frameworks",
				);
				MARKETING_VERSION = 1.0;
				PRODUCT_BUNDLE_IDENTIFIER = Ross.Mixly;
				PRODUCT_NAME = "$(TARGET_NAME)";
				SWIFT_EMIT_LOC_STRINGS = YES;
				SWIFT_VERSION = 5.0;
				TARGETED_DEVICE_FAMILY = "1,2";
			};
			name = Release;
		};
/* End XCBuildConfiguration section */

/* Begin XCConfigurationList section */
		759ADBB32E05039C00372684 /* Build configuration list for PBXProject "Mixly" */ = {
			isa = XCConfigurationList;
			buildConfigurations = (
				759ADBC12E05039F00372684 /* Debug */,
				759ADBC22E05039F00372684 /* Release */,
			);
			defaultConfigurationIsVisible = 0;
			defaultConfigurationName = Release;
		};
		759ADBC32E05039F00372684 /* Build configuration list for PBXNativeTarget "Mixly" */ = {
			isa = XCConfigurationList;
			buildConfigurations = (
				759ADBC42E05039F00372684 /* Debug */,
				759ADBC52E05039F00372684 /* Release */,
			);
			defaultConfigurationIsVisible = 0;
			defaultConfigurationName = Release;
		};
/* End XCConfigurationList section */

/* Begin XCVersionGroup section */
		751FCFE42E05B50900FE44D3 /* MixlyModel.xcdatamodeld */ = {
			isa = XCVersionGroup;
			children = (
				751FCFE52E05B50900FE44D3 /* MixlyModel.xcdatamodel */,
			);
			currentVersion = 751FCFE52E05B50900FE44D3 /* MixlyModel.xcdatamodel */;
			path = MixlyModel.xcdatamodeld;
			sourceTree = "<group>";
			versionGroupType = wrapper.xcdatamodel;
		};
/* End XCVersionGroup section */
	};
	rootObject = 759ADBB02E05039C00372684 /* Project object */;
}
