// !$*UTF8*$!
{
	archiveVersion = 1;
	classes = {
	};
	objectVersion = 77;
	objects = {

/* Begin PBXBuildFile section */
		7510619D2E36E78B0071E918 /* CocktailInfoView.swift in Sources */ = {isa = PBXBuildFile; fileRef = 7510619C2E36E78B0071E918 /* CocktailInfoView.swift */; };
		7510619F2E36E91A0071E918 /* Cocktail+InfoViewExtension.swift in Sources */ = {isa = PBXBuildFile; fileRef = 7510619E2E36E91A0071E918 /* Cocktail+InfoViewExtension.swift */; };
		751061A12E36F2D70071E918 /* View+ImageCard.swift in Sources */ = {isa = PBXBuildFile; fileRef = 751061A02E36F2D70071E918 /* View+ImageCard.swift */; };
		751FCFD32E05A5EC00FE44D3 /* Assets.xcassets in Resources */ = {isa = PBXBuildFile; fileRef = 751FCFCF2E05A5EC00FE44D3 /* Assets.xcassets */; };
		751FCFD52E05A5EC00FE44D3 /* MixlyApp.swift in Sources */ = {isa = PBXBuildFile; fileRef = 751FCFD12E05A5EC00FE44D3 /* MixlyApp.swift */; };
		751FCFD82E05A75300FE44D3 /* PersistenceController.swift in Sources */ = {isa = PBXBuildFile; fileRef = 751FCFD72E05A75300FE44D3 /* PersistenceController.swift */; };
		751FCFDD2E05AF2200FE44D3 /* CocktailModel.swift in Sources */ = {isa = PBXBuildFile; fileRef = 751FCFDC2E05AF2200FE44D3 /* CocktailModel.swift */; };
		751FCFE02E05B14500FE44D3 /* cocktails.json in Resources */ = {isa = PBXBuildFile; fileRef = 751FCFDF2E05B14500FE44D3 /* cocktails.json */; };
		751FCFE32E05B22C00FE44D3 /* CocktailProvider.swift in Sources */ = {isa = PBXBuildFile; fileRef = 751FCFE22E05B22C00FE44D3 /* CocktailProvider.swift */; };
		751FCFE62E05B50900FE44D3 /* MixlyModel.xcdatamodeld in Sources */ = {isa = PBXBuildFile; fileRef = 751FCFE42E05B50900FE44D3 /* MixlyModel.xcdatamodeld */; };
		75285C012E345C27006C308F /* Sheet+IngredientsToolbar.swift in Sources */ = {isa = PBXBuildFile; fileRef = 75285C002E345C27006C308F /* Sheet+IngredientsToolbar.swift */; };
		7550951E2E2D50CE0057F20C /* FavouritesCocktailsView.swift in Sources */ = {isa = PBXBuildFile; fileRef = 7550951D2E2D50CE0057F20C /* FavouritesCocktailsView.swift */; };
		755095212E2D57C60057F20C /* FavouritesViewModel.swift in Sources */ = {isa = PBXBuildFile; fileRef = 755095202E2D57C60057F20C /* FavouritesViewModel.swift */; };
		757E7AB72E2F43CB00CADF50 /* Sheet+IngredientsView.swift in Sources */ = {isa = PBXBuildFile; fileRef = 757E7AB62E2F43CB00CADF50 /* Sheet+IngredientsView.swift */; };
		757E7ABB2E2F491300CADF50 /* AddIngredientView.swift in Sources */ = {isa = PBXBuildFile; fileRef = 757E7ABA2E2F491300CADF50 /* AddIngredientView.swift */; };
		7583E1702E2E117A004B98C7 /* Cocktail+ListView.swift in Sources */ = {isa = PBXBuildFile; fileRef = 7583E16F2E2E117A004B98C7 /* Cocktail+ListView.swift */; };
		758813682E2FF9430026D448 /* IngredientCardView.swift in Sources */ = {isa = PBXBuildFile; fileRef = 758813672E2FF9430026D448 /* IngredientCardView.swift */; };
		7588136A2E2FF9F30026D448 /* Ingredient+CardViewExtension.swift in Sources */ = {isa = PBXBuildFile; fileRef = 758813692E2FF9F30026D448 /* Ingredient+CardViewExtension.swift */; };
		7588136C2E2FFAE60026D448 /* IngredientListView.swift in Sources */ = {isa = PBXBuildFile; fileRef = 7588136B2E2FFAE60026D448 /* IngredientListView.swift */; };
		75B49E302E25BB9A003EE64C /* TabScreenView.swift in Sources */ = {isa = PBXBuildFile; fileRef = 75B49E2F2E25BB99003EE64C /* TabScreenView.swift */; };
		75BC329E2E0613B000D2368F /* BaseCocktailService.swift in Sources */ = {isa = PBXBuildFile; fileRef = 75BC329D2E0613B000D2368F /* BaseCocktailService.swift */; };
		75BC32A02E06150700D2368F /* CocktailService.swift in Sources */ = {isa = PBXBuildFile; fileRef = 75BC329F2E06150700D2368F /* CocktailService.swift */; };
		75BC32AA2E06337900D2368F /* BaseCocktailService+Filter.swift in Sources */ = {isa = PBXBuildFile; fileRef = 75BC32A92E06337900D2368F /* BaseCocktailService+Filter.swift */; };
		75BC32AC2E0633E100D2368F /* BaseCocktailService+Search.swift in Sources */ = {isa = PBXBuildFile; fileRef = 75BC32AB2E0633E100D2368F /* BaseCocktailService+Search.swift */; };
		75BC32AE2E06343C00D2368F /* BaseCocktailService+Favourites.swift in Sources */ = {isa = PBXBuildFile; fileRef = 75BC32AD2E06343C00D2368F /* BaseCocktailService+Favourites.swift */; };
		75BC32B02E0634A900D2368F /* BaseCocktailService+Ingredients.swift in Sources */ = {isa = PBXBuildFile; fileRef = 75BC32AF2E0634A900D2368F /* BaseCocktailService+Ingredients.swift */; };
		75BC32B32E0644CF00D2368F /* CocktailViewModel.swift in Sources */ = {isa = PBXBuildFile; fileRef = 75BC32B22E0644CF00D2368F /* CocktailViewModel.swift */; };
		75C3CD812E20BC7E0073B6F9 /* Category+Color.swift in Sources */ = {isa = PBXBuildFile; fileRef = 75C3CD802E20BC7E0073B6F9 /* Category+Color.swift */; };
		75CACEF92E22C21400C2EFB6 /* CategoryListView.swift in Sources */ = {isa = PBXBuildFile; fileRef = 75CACEF82E22C21400C2EFB6 /* CategoryListView.swift */; };
		75D853802E07BF6C00D519A0 /* SearchCocktailsView.swift in Sources */ = {isa = PBXBuildFile; fileRef = 75D8537F2E07BF6C00D519A0 /* SearchCocktailsView.swift */; };
		75ED598E2E08F2B00012B477 /* CategoryCardView.swift in Sources */ = {isa = PBXBuildFile; fileRef = 75ED598D2E08F2B00012B477 /* CategoryCardView.swift */; };
		75ED59902E08F6670012B477 /* BaseCocktailService+Categories.swift in Sources */ = {isa = PBXBuildFile; fileRef = 75ED598F2E08F6670012B477 /* BaseCocktailService+Categories.swift */; };
		75ED59922E08FB1C0012B477 /* CocktailCardView.swift in Sources */ = {isa = PBXBuildFile; fileRef = 75ED59912E08FB1C0012B477 /* CocktailCardView.swift */; };
		75F866882E1E02C300C69E28 /* CategoryGridView.swift in Sources */ = {isa = PBXBuildFile; fileRef = 75F866872E1E02C300C69E28 /* CategoryGridView.swift */; };
		75F8668A2E1E053C00C69E28 /* Sheet+CocktailsToolbar.swift in Sources */ = {isa = PBXBuildFile; fileRef = 75F866892E1E053C00C69E28 /* Sheet+CocktailsToolbar.swift */; };
		75F8668D2E1E0B1200C69E28 /* Cocktail+CardViewExtension.swift in Sources */ = {isa = PBXBuildFile; fileRef = 75F8668C2E1E0B1200C69E28 /* Cocktail+CardViewExtension.swift */; };
/* End PBXBuildFile section */

/* Begin PBXFileReference section */
		7510619C2E36E78B0071E918 /* CocktailInfoView.swift */ = {isa = PBXFileReference; lastKnownFileType = sourcecode.swift; path = CocktailInfoView.swift; sourceTree = "<group>"; };
		7510619E2E36E91A0071E918 /* Cocktail+InfoViewExtension.swift */ = {isa = PBXFileReference; lastKnownFileType = sourcecode.swift; path = "Cocktail+InfoViewExtension.swift"; sourceTree = "<group>"; };
		751061A02E36F2D70071E918 /* View+ImageCard.swift */ = {isa = PBXFileReference; lastKnownFileType = sourcecode.swift; path = "View+ImageCard.swift"; sourceTree = "<group>"; };
		751FCFCF2E05A5EC00FE44D3 /* Assets.xcassets */ = {isa = PBXFileReference; lastKnownFileType = folder.assetcatalog; path = Assets.xcassets; sourceTree = "<group>"; };
		751FCFD12E05A5EC00FE44D3 /* MixlyApp.swift */ = {isa = PBXFileReference; lastKnownFileType = sourcecode.swift; path = MixlyApp.swift; sourceTree = "<group>"; };
		751FCFD72E05A75300FE44D3 /* PersistenceController.swift */ = {isa = PBXFileReference; lastKnownFileType = sourcecode.swift; path = PersistenceController.swift; sourceTree = "<group>"; };
		751FCFDC2E05AF2200FE44D3 /* CocktailModel.swift */ = {isa = PBXFileReference; lastKnownFileType = sourcecode.swift; path = CocktailModel.swift; sourceTree = "<group>"; };
		751FCFDF2E05B14500FE44D3 /* cocktails.json */ = {isa = PBXFileReference; lastKnownFileType = text.json; path = cocktails.json; sourceTree = "<group>"; };
		751FCFE22E05B22C00FE44D3 /* CocktailProvider.swift */ = {isa = PBXFileReference; lastKnownFileType = sourcecode.swift; path = CocktailProvider.swift; sourceTree = "<group>"; };
		751FCFE52E05B50900FE44D3 /* MixlyModel.xcdatamodel */ = {isa = PBXFileReference; lastKnownFileType = wrapper.xcdatamodel; path = MixlyModel.xcdatamodel; sourceTree = "<group>"; };
		75285C002E345C27006C308F /* Sheet+IngredientsToolbar.swift */ = {isa = PBXFileReference; lastKnownFileType = sourcecode.swift; path = "Sheet+IngredientsToolbar.swift"; sourceTree = "<group>"; };
		7550951D2E2D50CE0057F20C /* FavouritesCocktailsView.swift */ = {isa = PBXFileReference; lastKnownFileType = sourcecode.swift; path = FavouritesCocktailsView.swift; sourceTree = "<group>"; };
		755095202E2D57C60057F20C /* FavouritesViewModel.swift */ = {isa = PBXFileReference; lastKnownFileType = sourcecode.swift; path = FavouritesViewModel.swift; sourceTree = "<group>"; };
		757E7AB62E2F43CB00CADF50 /* Sheet+IngredientsView.swift */ = {isa = PBXFileReference; lastKnownFileType = sourcecode.swift; path = "Sheet+IngredientsView.swift"; sourceTree = "<group>"; };
		757E7ABA2E2F491300CADF50 /* AddIngredientView.swift */ = {isa = PBXFileReference; lastKnownFileType = sourcecode.swift; path = AddIngredientView.swift; sourceTree = "<group>"; };
		7583E16F2E2E117A004B98C7 /* Cocktail+ListView.swift */ = {isa = PBXFileReference; lastKnownFileType = sourcecode.swift; path = "Cocktail+ListView.swift"; sourceTree = "<group>"; };
		758813672E2FF9430026D448 /* IngredientCardView.swift */ = {isa = PBXFileReference; lastKnownFileType = sourcecode.swift; path = IngredientCardView.swift; sourceTree = "<group>"; };
		758813692E2FF9F30026D448 /* Ingredient+CardViewExtension.swift */ = {isa = PBXFileReference; lastKnownFileType = sourcecode.swift; path = "Ingredient+CardViewExtension.swift"; sourceTree = "<group>"; };
		7588136B2E2FFAE60026D448 /* IngredientListView.swift */ = {isa = PBXFileReference; lastKnownFileType = sourcecode.swift; path = IngredientListView.swift; sourceTree = "<group>"; };
		759ADBB82E05039C00372684 /* Mixly.app */ = {isa = PBXFileReference; explicitFileType = wrapper.application; includeInIndex = 0; path = Mixly.app; sourceTree = BUILT_PRODUCTS_DIR; };
		75B49E2F2E25BB99003EE64C /* TabScreenView.swift */ = {isa = PBXFileReference; lastKnownFileType = sourcecode.swift; path = TabScreenView.swift; sourceTree = "<group>"; };
		75BC329D2E0613B000D2368F /* BaseCocktailService.swift */ = {isa = PBXFileReference; lastKnownFileType = sourcecode.swift; path = BaseCocktailService.swift; sourceTree = "<group>"; };
		75BC329F2E06150700D2368F /* CocktailService.swift */ = {isa = PBXFileReference; lastKnownFileType = sourcecode.swift; path = CocktailService.swift; sourceTree = "<group>"; };
		75BC32A92E06337900D2368F /* BaseCocktailService+Filter.swift */ = {isa = PBXFileReference; lastKnownFileType = sourcecode.swift; path = "BaseCocktailService+Filter.swift"; sourceTree = "<group>"; };
		75BC32AB2E0633E100D2368F /* BaseCocktailService+Search.swift */ = {isa = PBXFileReference; lastKnownFileType = sourcecode.swift; path = "BaseCocktailService+Search.swift"; sourceTree = "<group>"; };
		75BC32AD2E06343C00D2368F /* BaseCocktailService+Favourites.swift */ = {isa = PBXFileReference; lastKnownFileType = sourcecode.swift; path = "BaseCocktailService+Favourites.swift"; sourceTree = "<group>"; };
		75BC32AF2E0634A900D2368F /* BaseCocktailService+Ingredients.swift */ = {isa = PBXFileReference; lastKnownFileType = sourcecode.swift; path = "BaseCocktailService+Ingredients.swift"; sourceTree = "<group>"; };
		75BC32B22E0644CF00D2368F /* CocktailViewModel.swift */ = {isa = PBXFileReference; lastKnownFileType = sourcecode.swift; path = CocktailViewModel.swift; sourceTree = "<group>"; };
		75C3CD802E20BC7E0073B6F9 /* Category+Color.swift */ = {isa = PBXFileReference; lastKnownFileType = sourcecode.swift; path = "Category+Color.swift"; sourceTree = "<group>"; };
		75CACEF82E22C21400C2EFB6 /* CategoryListView.swift */ = {isa = PBXFileReference; lastKnownFileType = sourcecode.swift; path = CategoryListView.swift; sourceTree = "<group>"; };
		75D8537F2E07BF6C00D519A0 /* SearchCocktailsView.swift */ = {isa = PBXFileReference; lastKnownFileType = sourcecode.swift; path = SearchCocktailsView.swift; sourceTree = "<group>"; };
		75ED598D2E08F2B00012B477 /* CategoryCardView.swift */ = {isa = PBXFileReference; lastKnownFileType = sourcecode.swift; path = CategoryCardView.swift; sourceTree = "<group>"; };
		75ED598F2E08F6670012B477 /* BaseCocktailService+Categories.swift */ = {isa = PBXFileReference; lastKnownFileType = sourcecode.swift; path = "BaseCocktailService+Categories.swift"; sourceTree = "<group>"; };
		75ED59912E08FB1C0012B477 /* CocktailCardView.swift */ = {isa = PBXFileReference; lastKnownFileType = sourcecode.swift; path = CocktailCardView.swift; sourceTree = "<group>"; };
		75F866872E1E02C300C69E28 /* CategoryGridView.swift */ = {isa = PBXFileReference; lastKnownFileType = sourcecode.swift; path = CategoryGridView.swift; sourceTree = "<group>"; };
		75F866892E1E053C00C69E28 /* Sheet+CocktailsToolbar.swift */ = {isa = PBXFileReference; lastKnownFileType = sourcecode.swift; path = "Sheet+CocktailsToolbar.swift"; sourceTree = "<group>"; };
		75F8668C2E1E0B1200C69E28 /* Cocktail+CardViewExtension.swift */ = {isa = PBXFileReference; lastKnownFileType = sourcecode.swift; path = "Cocktail+CardViewExtension.swift"; sourceTree = "<group>"; };
/* End PBXFileReference section */

/* Begin PBXFrameworksBuildPhase section */
		759ADBB52E05039C00372684 /* Frameworks */ = {
			isa = PBXFrameworksBuildPhase;
			buildActionMask = 2147483647;
			files = (
			);
			runOnlyForDeploymentPostprocessing = 0;
		};
/* End PBXFrameworksBuildPhase section */

/* Begin PBXGroup section */
		751FCFD22E05A5EC00FE44D3 /* Mixly */ = {
			isa = PBXGroup;
			children = (
				75F866822E1DF8D200C69E28 /* App */,
				75285C022E3477C7006C308F /* Core */,
				75285C072E347A8E006C308F /* Presentation */,
				751FCFDE2E05B12600FE44D3 /* Resources */,
				751FCFE42E05B50900FE44D3 /* MixlyModel.xcdatamodeld */,
			);
			path = Mixly;
			sourceTree = "<group>";
		};
		751FCFDE2E05B12600FE44D3 /* Resources */ = {
			isa = PBXGroup;
			children = (
				751FCFCF2E05A5EC00FE44D3 /* Assets.xcassets */,
				75F866952E1E12CB00C69E28 /* JSON */,
			);
			path = Resources;
			sourceTree = "<group>";
		};
		751FCFE12E05B18C00FE44D3 /* Views */ = {
			isa = PBXGroup;
			children = (
				75D8537F2E07BF6C00D519A0 /* SearchCocktailsView.swift */,
				757E7ABA2E2F491300CADF50 /* AddIngredientView.swift */,
				75CACEF82E22C21400C2EFB6 /* CategoryListView.swift */,
				7588136B2E2FFAE60026D448 /* IngredientListView.swift */,
				757E7AB62E2F43CB00CADF50 /* Sheet+IngredientsView.swift */,
			);
			path = Views;
			sourceTree = "<group>";
		};
		75285C022E3477C7006C308F /* Core */ = {
			isa = PBXGroup;
			children = (
				75285C032E3479A7006C308F /* Domain */,
				75285C052E3479DA006C308F /* Data */,
				75285C062E347A2F006C308F /* Infrastructure */,
			);
			path = Core;
			sourceTree = "<group>";
		};
		75285C032E3479A7006C308F /* Domain */ = {
			isa = PBXGroup;
			children = (
				75285C042E3479C4006C308F /* Models */,
			);
			path = Domain;
			sourceTree = "<group>";
		};
		75285C042E3479C4006C308F /* Models */ = {
			isa = PBXGroup;
			children = (
				751FCFDC2E05AF2200FE44D3 /* CocktailModel.swift */,
			);
			path = Models;
			sourceTree = "<group>";
		};
		75285C052E3479DA006C308F /* Data */ = {
			isa = PBXGroup;
			children = (
				751FCFD72E05A75300FE44D3 /* PersistenceController.swift */,
				75BC329F2E06150700D2368F /* CocktailService.swift */,
				75BC329D2E0613B000D2368F /* BaseCocktailService.swift */,
			);
			path = Data;
			sourceTree = "<group>";
		};
		75285C062E347A2F006C308F /* Infrastructure */ = {
			isa = PBXGroup;
			children = (
				751FCFE22E05B22C00FE44D3 /* CocktailProvider.swift */,
				75ED598F2E08F6670012B477 /* BaseCocktailService+Categories.swift */,
				75BC32AD2E06343C00D2368F /* BaseCocktailService+Favourites.swift */,
				75BC32A92E06337900D2368F /* BaseCocktailService+Filter.swift */,
				75BC32AF2E0634A900D2368F /* BaseCocktailService+Ingredients.swift */,
				75BC32AB2E0633E100D2368F /* BaseCocktailService+Search.swift */,
			);
			path = Infrastructure;
			sourceTree = "<group>";
		};
		75285C072E347A8E006C308F /* Presentation */ = {
			isa = PBXGroup;
			children = (
				75285C082E347A9A006C308F /* Screens */,
				75285C092E347AA4006C308F /* Components */,
				75285C0A2E347AAA006C308F /* Extensions */,
			);
			path = Presentation;
			sourceTree = "<group>";
		};
		75285C082E347A9A006C308F /* Screens */ = {
			isa = PBXGroup;
			children = (
				75285C0B2E347AC5006C308F /* Search */,
				75285C0C2E347B0F006C308F /* Favourites */,
				75285C0D2E347B47006C308F /* TabView */,
			);
			path = Screens;
			sourceTree = "<group>";
		};
		75285C092E347AA4006C308F /* Components */ = {
			isa = PBXGroup;
			children = (
				75ED59912E08FB1C0012B477 /* CocktailCardView.swift */,
				758813672E2FF9430026D448 /* IngredientCardView.swift */,
				7583E16F2E2E117A004B98C7 /* Cocktail+ListView.swift */,
				75ED598D2E08F2B00012B477 /* CategoryCardView.swift */,
				75F866872E1E02C300C69E28 /* CategoryGridView.swift */,
				7510619C2E36E78B0071E918 /* CocktailInfoView.swift */,
			);
			path = Components;
			sourceTree = "<group>";
		};
		75285C0A2E347AAA006C308F /* Extensions */ = {
			isa = PBXGroup;
			children = (
				75285C0F2E347CD8006C308F /* Color */,
				75285C102E347CE8006C308F /* SwiftUI */,
				75285C112E347FFB006C308F /* Sheet */,
			);
			path = Extensions;
			sourceTree = "<group>";
		};
		75285C0B2E347AC5006C308F /* Search */ = {
			isa = PBXGroup;
			children = (
				75BC32B12E0644B800D2368F /* ViewModels */,
				751FCFE12E05B18C00FE44D3 /* Views */,
			);
			path = Search;
			sourceTree = "<group>";
		};
		75285C0C2E347B0F006C308F /* Favourites */ = {
			isa = PBXGroup;
			children = (
				7550951F2E2D57A00057F20C /* ViewModels */,
				7550951C2E2D50AD0057F20C /* Views */,
			);
			path = Favourites;
			sourceTree = "<group>";
		};
		75285C0D2E347B47006C308F /* TabView */ = {
			isa = PBXGroup;
			children = (
				75B49E2F2E25BB99003EE64C /* TabScreenView.swift */,
			);
			path = TabView;
			sourceTree = "<group>";
		};
		75285C0F2E347CD8006C308F /* Color */ = {
			isa = PBXGroup;
			children = (
				75C3CD802E20BC7E0073B6F9 /* Category+Color.swift */,
			);
			path = Color;
			sourceTree = "<group>";
		};
		75285C102E347CE8006C308F /* SwiftUI */ = {
			isa = PBXGroup;
			children = (
				75F8668C2E1E0B1200C69E28 /* Cocktail+CardViewExtension.swift */,
				758813692E2FF9F30026D448 /* Ingredient+CardViewExtension.swift */,
				7510619E2E36E91A0071E918 /* Cocktail+InfoViewExtension.swift */,
				751061A02E36F2D70071E918 /* View+ImageCard.swift */,
			);
			path = SwiftUI;
			sourceTree = "<group>";
		};
		75285C112E347FFB006C308F /* Sheet */ = {
			isa = PBXGroup;
			children = (
				75285C002E345C27006C308F /* Sheet+IngredientsToolbar.swift */,
				75F866892E1E053C00C69E28 /* Sheet+CocktailsToolbar.swift */,
			);
			path = Sheet;
			sourceTree = "<group>";
		};
		7550951C2E2D50AD0057F20C /* Views */ = {
			isa = PBXGroup;
			children = (
				7550951D2E2D50CE0057F20C /* FavouritesCocktailsView.swift */,
			);
			path = Views;
			sourceTree = "<group>";
		};
		7550951F2E2D57A00057F20C /* ViewModels */ = {
			isa = PBXGroup;
			children = (
				755095202E2D57C60057F20C /* FavouritesViewModel.swift */,
			);
			path = ViewModels;
			sourceTree = "<group>";
		};
		759ADBAF2E05039C00372684 = {
			isa = PBXGroup;
			children = (
				751FCFD22E05A5EC00FE44D3 /* Mixly */,
				759ADBB92E05039C00372684 /* Products */,
			);
			sourceTree = "<group>";
		};
		759ADBB92E05039C00372684 /* Products */ = {
			isa = PBXGroup;
			children = (
				759ADBB82E05039C00372684 /* Mixly.app */,
			);
			name = Products;
			sourceTree = "<group>";
		};
		75BC32B12E0644B800D2368F /* ViewModels */ = {
			isa = PBXGroup;
			children = (
				75BC32B22E0644CF00D2368F /* CocktailViewModel.swift */,
			);
			path = ViewModels;
			sourceTree = "<group>";
		};
		75F866822E1DF8D200C69E28 /* App */ = {
			isa = PBXGroup;
			children = (
				751FCFD12E05A5EC00FE44D3 /* MixlyApp.swift */,
			);
			path = App;
			sourceTree = "<group>";
		};
		75F866952E1E12CB00C69E28 /* JSON */ = {
			isa = PBXGroup;
			children = (
				751FCFDF2E05B14500FE44D3 /* cocktails.json */,
			);
			path = JSON;
			sourceTree = "<group>";
		};
/* End PBXGroup section */

/* Begin PBXNativeTarget section */
		759ADBB72E05039C00372684 /* Mixly */ = {
			isa = PBXNativeTarget;
			buildConfigurationList = 759ADBC32E05039F00372684 /* Build configuration list for PBXNativeTarget "Mixly" */;
			buildPhases = (
				759ADBB42E05039C00372684 /* Sources */,
				759ADBB52E05039C00372684 /* Frameworks */,
				759ADBB62E05039C00372684 /* Resources */,
			);
			buildRules = (
			);
			dependencies = (
			);
			name = Mixly;
			packageProductDependencies = (
			);
			productName = Mixly;
			productReference = 759ADBB82E05039C00372684 /* Mixly.app */;
			productType = "com.apple.product-type.application";
		};
/* End PBXNativeTarget section */

/* Begin PBXProject section */
		759ADBB02E05039C00372684 /* Project object */ = {
			isa = PBXProject;
			attributes = {
				BuildIndependentTargetsInParallel = 1;
				LastSwiftUpdateCheck = 1640;
				LastUpgradeCheck = 1640;
				TargetAttributes = {
					759ADBB72E05039C00372684 = {
						CreatedOnToolsVersion = 16.4;
					};
				};
			};
			buildConfigurationList = 759ADBB32E05039C00372684 /* Build configuration list for PBXProject "Mixly" */;
			developmentRegion = en;
			hasScannedForEncodings = 0;
			knownRegions = (
				en,
				Base,
			);
			mainGroup = 759ADBAF2E05039C00372684;
			minimizedProjectReferenceProxies = 1;
			preferredProjectObjectVersion = 77;
			productRefGroup = 759ADBB92E05039C00372684 /* Products */;
			projectDirPath = "";
			projectRoot = "";
			targets = (
				759ADBB72E05039C00372684 /* Mixly */,
			);
		};
/* End PBXProject section */

/* Begin PBXResourcesBuildPhase section */
		759ADBB62E05039C00372684 /* Resources */ = {
			isa = PBXResourcesBuildPhase;
			buildActionMask = 2147483647;
			files = (
				751FCFD32E05A5EC00FE44D3 /* Assets.xcassets in Resources */,
				751FCFE02E05B14500FE44D3 /* cocktails.json in Resources */,
			);
			runOnlyForDeploymentPostprocessing = 0;
		};
/* End PBXResourcesBuildPhase section */

/* Begin PBXSourcesBuildPhase section */
		759ADBB42E05039C00372684 /* Sources */ = {
			isa = PBXSourcesBuildPhase;
			buildActionMask = 2147483647;
			files = (
				7550951E2E2D50CE0057F20C /* FavouritesCocktailsView.swift in Sources */,
				75BC329E2E0613B000D2368F /* BaseCocktailService.swift in Sources */,
				7510619D2E36E78B0071E918 /* CocktailInfoView.swift in Sources */,
				75BC32B02E0634A900D2368F /* BaseCocktailService+Ingredients.swift in Sources */,
				75F8668A2E1E053C00C69E28 /* Sheet+CocktailsToolbar.swift in Sources */,
				757E7AB72E2F43CB00CADF50 /* Sheet+IngredientsView.swift in Sources */,
				751FCFD82E05A75300FE44D3 /* PersistenceController.swift in Sources */,
				751FCFE32E05B22C00FE44D3 /* CocktailProvider.swift in Sources */,
				75ED598E2E08F2B00012B477 /* CategoryCardView.swift in Sources */,
				75D853802E07BF6C00D519A0 /* SearchCocktailsView.swift in Sources */,
				75C3CD812E20BC7E0073B6F9 /* Category+Color.swift in Sources */,
				75BC32A02E06150700D2368F /* CocktailService.swift in Sources */,
				751061A12E36F2D70071E918 /* View+ImageCard.swift in Sources */,
				757E7ABB2E2F491300CADF50 /* AddIngredientView.swift in Sources */,
				7510619F2E36E91A0071E918 /* Cocktail+InfoViewExtension.swift in Sources */,
				751FCFDD2E05AF2200FE44D3 /* CocktailModel.swift in Sources */,
				75CACEF92E22C21400C2EFB6 /* CategoryListView.swift in Sources */,
				75F8668D2E1E0B1200C69E28 /* Cocktail+CardViewExtension.swift in Sources */,
				751FCFE62E05B50900FE44D3 /* MixlyModel.xcdatamodeld in Sources */,
				75BC32AC2E0633E100D2368F /* BaseCocktailService+Search.swift in Sources */,
				75285C012E345C27006C308F /* Sheet+IngredientsToolbar.swift in Sources */,
				7588136C2E2FFAE60026D448 /* IngredientListView.swift in Sources */,
				75BC32AE2E06343C00D2368F /* BaseCocktailService+Favourites.swift in Sources */,
				75F866882E1E02C300C69E28 /* CategoryGridView.swift in Sources */,
				758813682E2FF9430026D448 /* IngredientCardView.swift in Sources */,
				7583E1702E2E117A004B98C7 /* Cocktail+ListView.swift in Sources */,
				75BC32B32E0644CF00D2368F /* CocktailViewModel.swift in Sources */,
				755095212E2D57C60057F20C /* FavouritesViewModel.swift in Sources */,
				7588136A2E2FF9F30026D448 /* Ingredient+CardViewExtension.swift in Sources */,
				751FCFD52E05A5EC00FE44D3 /* MixlyApp.swift in Sources */,
				75BC32AA2E06337900D2368F /* BaseCocktailService+Filter.swift in Sources */,
				75B49E302E25BB9A003EE64C /* TabScreenView.swift in Sources */,
				75ED59922E08FB1C0012B477 /* CocktailCardView.swift in Sources */,
				75ED59902E08F6670012B477 /* BaseCocktailService+Categories.swift in Sources */,
			);
			runOnlyForDeploymentPostprocessing = 0;
		};
/* End PBXSourcesBuildPhase section */

/* Begin XCBuildConfiguration section */
		759ADBC12E05039F00372684 /* Debug */ = {
			isa = XCBuildConfiguration;
			buildSettings = {
				ALWAYS_SEARCH_USER_PATHS = NO;
				ASSETCATALOG_COMPILER_GENERATE_SWIFT_ASSET_SYMBOL_EXTENSIONS = YES;
				CLANG_ANALYZER_NONNULL = YES;
				CLANG_ANALYZER_NUMBER_OBJECT_CONVERSION = YES_AGGRESSIVE;
				CLANG_CXX_LANGUAGE_STANDARD = "gnu++20";
				CLANG_ENABLE_MODULES = YES;
				CLANG_ENABLE_OBJC_ARC = YES;
				CLANG_ENABLE_OBJC_WEAK = YES;
				CLANG_WARN_BLOCK_CAPTURE_AUTORELEASING = YES;
				CLANG_WARN_BOOL_CONVERSION = YES;
				CLANG_WARN_COMMA = YES;
				CLANG_WARN_CONSTANT_CONVERSION = YES;
				CLANG_WARN_DEPRECATED_OBJC_IMPLEMENTATIONS = YES;
				CLANG_WARN_DIRECT_OBJC_ISA_USAGE = YES_ERROR;
				CLANG_WARN_DOCUMENTATION_COMMENTS = YES;
				CLANG_WARN_EMPTY_BODY = YES;
				CLANG_WARN_ENUM_CONVERSION = YES;
				CLANG_WARN_INFINITE_RECURSION = YES;
				CLANG_WARN_INT_CONVERSION = YES;
				CLANG_WARN_NON_LITERAL_NULL_CONVERSION = YES;
				CLANG_WARN_OBJC_IMPLICIT_RETAIN_SELF = YES;
				CLANG_WARN_OBJC_LITERAL_CONVERSION = YES;
				CLANG_WARN_OBJC_ROOT_CLASS = YES_ERROR;
				CLANG_WARN_QUOTED_INCLUDE_IN_FRAMEWORK_HEADER = YES;
				CLANG_WARN_RANGE_LOOP_ANALYSIS = YES;
				CLANG_WARN_STRICT_PROTOTYPES = YES;
				CLANG_WARN_SUSPICIOUS_MOVE = YES;
				CLANG_WARN_UNGUARDED_AVAILABILITY = YES_AGGRESSIVE;
				CLANG_WARN_UNREACHABLE_CODE = YES;
				CLANG_WARN__DUPLICATE_METHOD_MATCH = YES;
				COPY_PHASE_STRIP = NO;
				DEBUG_INFORMATION_FORMAT = dwarf;
				DEVELOPMENT_TEAM = LC4B2V6XMC;
				ENABLE_STRICT_OBJC_MSGSEND = YES;
				ENABLE_TESTABILITY = YES;
				ENABLE_USER_SCRIPT_SANDBOXING = YES;
				GCC_C_LANGUAGE_STANDARD = gnu17;
				GCC_DYNAMIC_NO_PIC = NO;
				GCC_NO_COMMON_BLOCKS = YES;
				GCC_OPTIMIZATION_LEVEL = 0;
				GCC_PREPROCESSOR_DEFINITIONS = (
					"DEBUG=1",
					"$(inherited)",
				);
				GCC_WARN_64_TO_32_BIT_CONVERSION = YES;
				GCC_WARN_ABOUT_RETURN_TYPE = YES_ERROR;
				GCC_WARN_UNDECLARED_SELECTOR = YES;
				GCC_WARN_UNINITIALIZED_AUTOS = YES_AGGRESSIVE;
				GCC_WARN_UNUSED_FUNCTION = YES;
				GCC_WARN_UNUSED_VARIABLE = YES;
				IPHONEOS_DEPLOYMENT_TARGET = 18.5;
				LOCALIZATION_PREFERS_STRING_CATALOGS = YES;
				MTL_ENABLE_DEBUG_INFO = INCLUDE_SOURCE;
				MTL_FAST_MATH = YES;
				ONLY_ACTIVE_ARCH = YES;
				SDKROOT = iphoneos;
				SWIFT_ACTIVE_COMPILATION_CONDITIONS = "DEBUG $(inherited)";
				SWIFT_OPTIMIZATION_LEVEL = "-Onone";
			};
			name = Debug;
		};
		759ADBC22E05039F00372684 /* Release */ = {
			isa = XCBuildConfiguration;
			buildSettings = {
				ALWAYS_SEARCH_USER_PATHS = NO;
				ASSETCATALOG_COMPILER_GENERATE_SWIFT_ASSET_SYMBOL_EXTENSIONS = YES;
				CLANG_ANALYZER_NONNULL = YES;
				CLANG_ANALYZER_NUMBER_OBJECT_CONVERSION = YES_AGGRESSIVE;
				CLANG_CXX_LANGUAGE_STANDARD = "gnu++20";
				CLANG_ENABLE_MODULES = YES;
				CLANG_ENABLE_OBJC_ARC = YES;
				CLANG_ENABLE_OBJC_WEAK = YES;
				CLANG_WARN_BLOCK_CAPTURE_AUTORELEASING = YES;
				CLANG_WARN_BOOL_CONVERSION = YES;
				CLANG_WARN_COMMA = YES;
				CLANG_WARN_CONSTANT_CONVERSION = YES;
				CLANG_WARN_DEPRECATED_OBJC_IMPLEMENTATIONS = YES;
				CLANG_WARN_DIRECT_OBJC_ISA_USAGE = YES_ERROR;
				CLANG_WARN_DOCUMENTATION_COMMENTS = YES;
				CLANG_WARN_EMPTY_BODY = YES;
				CLANG_WARN_ENUM_CONVERSION = YES;
				CLANG_WARN_INFINITE_RECURSION = YES;
				CLANG_WARN_INT_CONVERSION = YES;
				CLANG_WARN_NON_LITERAL_NULL_CONVERSION = YES;
				CLANG_WARN_OBJC_IMPLICIT_RETAIN_SELF = YES;
				CLANG_WARN_OBJC_LITERAL_CONVERSION = YES;
				CLANG_WARN_OBJC_ROOT_CLASS = YES_ERROR;
				CLANG_WARN_QUOTED_INCLUDE_IN_FRAMEWORK_HEADER = YES;
				CLANG_WARN_RANGE_LOOP_ANALYSIS = YES;
				CLANG_WARN_STRICT_PROTOTYPES = YES;
				CLANG_WARN_SUSPICIOUS_MOVE = YES;
				CLANG_WARN_UNGUARDED_AVAILABILITY = YES_AGGRESSIVE;
				CLANG_WARN_UNREACHABLE_CODE = YES;
				CLANG_WARN__DUPLICATE_METHOD_MATCH = YES;
				COPY_PHASE_STRIP = NO;
				DEBUG_INFORMATION_FORMAT = "dwarf-with-dsym";
				DEVELOPMENT_TEAM = LC4B2V6XMC;
				ENABLE_NS_ASSERTIONS = NO;
				ENABLE_STRICT_OBJC_MSGSEND = YES;
				ENABLE_USER_SCRIPT_SANDBOXING = YES;
				GCC_C_LANGUAGE_STANDARD = gnu17;
				GCC_NO_COMMON_BLOCKS = YES;
				GCC_WARN_64_TO_32_BIT_CONVERSION = YES;
				GCC_WARN_ABOUT_RETURN_TYPE = YES_ERROR;
				GCC_WARN_UNDECLARED_SELECTOR = YES;
				GCC_WARN_UNINITIALIZED_AUTOS = YES_AGGRESSIVE;
				GCC_WARN_UNUSED_FUNCTION = YES;
				GCC_WARN_UNUSED_VARIABLE = YES;
				IPHONEOS_DEPLOYMENT_TARGET = 18.5;
				LOCALIZATION_PREFERS_STRING_CATALOGS = YES;
				MTL_ENABLE_DEBUG_INFO = NO;
				MTL_FAST_MATH = YES;
				SDKROOT = iphoneos;
				SWIFT_COMPILATION_MODE = wholemodule;
				VALIDATE_PRODUCT = YES;
			};
			name = Release;
		};
		759ADBC42E05039F00372684 /* Debug */ = {
			isa = XCBuildConfiguration;
			buildSettings = {
				ASSETCATALOG_COMPILER_APPICON_NAME = AppIcon;
				ASSETCATALOG_COMPILER_GLOBAL_ACCENT_COLOR_NAME = AccentColor;
				CODE_SIGN_STYLE = Automatic;
				CURRENT_PROJECT_VERSION = 1;
				DEVELOPMENT_TEAM = LC4B2V6XMC;
				ENABLE_PREVIEWS = YES;
				GENERATE_INFOPLIST_FILE = YES;
				INFOPLIST_KEY_UIApplicationSceneManifest_Generation = YES;
				INFOPLIST_KEY_UIApplicationSupportsIndirectInputEvents = YES;
				INFOPLIST_KEY_UILaunchScreen_Generation = YES;
				INFOPLIST_KEY_UISupportedInterfaceOrientations_iPad = "UIInterfaceOrientationPortrait UIInterfaceOrientationPortraitUpsideDown UIInterfaceOrientationLandscapeLeft UIInterfaceOrientationLandscapeRight";
				INFOPLIST_KEY_UISupportedInterfaceOrientations_iPhone = "UIInterfaceOrientationPortrait UIInterfaceOrientationLandscapeLeft UIInterfaceOrientationLandscapeRight";
				LD_RUNPATH_SEARCH_PATHS = (
					"$(inherited)",
					"@executable_path/Frameworks",
				);
				MARKETING_VERSION = 1.0;
				PRODUCT_BUNDLE_IDENTIFIER = Ross.Mixly;
				PRODUCT_NAME = "$(TARGET_NAME)";
				SWIFT_EMIT_LOC_STRINGS = YES;
				SWIFT_VERSION = 5.0;
				TARGETED_DEVICE_FAMILY = "1,2";
			};
			name = Debug;
		};
		759ADBC52E05039F00372684 /* Release */ = {
			isa = XCBuildConfiguration;
			buildSettings = {
				ASSETCATALOG_COMPILER_APPICON_NAME = AppIcon;
				ASSETCATALOG_COMPILER_GLOBAL_ACCENT_COLOR_NAME = AccentColor;
				CODE_SIGN_STYLE = Automatic;
				CURRENT_PROJECT_VERSION = 1;
				DEVELOPMENT_TEAM = LC4B2V6XMC;
				ENABLE_PREVIEWS = YES;
				GENERATE_INFOPLIST_FILE = YES;
				INFOPLIST_KEY_UIApplicationSceneManifest_Generation = YES;
				INFOPLIST_KEY_UIApplicationSupportsIndirectInputEvents = YES;
				INFOPLIST_KEY_UILaunchScreen_Generation = YES;
				INFOPLIST_KEY_UISupportedInterfaceOrientations_iPad = "UIInterfaceOrientationPortrait UIInterfaceOrientationPortraitUpsideDown UIInterfaceOrientationLandscapeLeft UIInterfaceOrientationLandscapeRight";
				INFOPLIST_KEY_UISupportedInterfaceOrientations_iPhone = "UIInterfaceOrientationPortrait UIInterfaceOrientationLandscapeLeft UIInterfaceOrientationLandscapeRight";
				LD_RUNPATH_SEARCH_PATHS = (
					"$(inherited)",
					"@executable_path/Frameworks",
				);
				MARKETING_VERSION = 1.0;
				PRODUCT_BUNDLE_IDENTIFIER = Ross.Mixly;
				PRODUCT_NAME = "$(TARGET_NAME)";
				SWIFT_EMIT_LOC_STRINGS = YES;
				SWIFT_VERSION = 5.0;
				TARGETED_DEVICE_FAMILY = "1,2";
			};
			name = Release;
		};
/* End XCBuildConfiguration section */

/* Begin XCConfigurationList section */
		759ADBB32E05039C00372684 /* Build configuration list for PBXProject "Mixly" */ = {
			isa = XCConfigurationList;
			buildConfigurations = (
				759ADBC12E05039F00372684 /* Debug */,
				759ADBC22E05039F00372684 /* Release */,
			);
			defaultConfigurationIsVisible = 0;
			defaultConfigurationName = Release;
		};
		759ADBC32E05039F00372684 /* Build configuration list for PBXNativeTarget "Mixly" */ = {
			isa = XCConfigurationList;
			buildConfigurations = (
				759ADBC42E05039F00372684 /* Debug */,
				759ADBC52E05039F00372684 /* Release */,
			);
			defaultConfigurationIsVisible = 0;
			defaultConfigurationName = Release;
		};
/* End XCConfigurationList section */

/* Begin XCVersionGroup section */
		751FCFE42E05B50900FE44D3 /* MixlyModel.xcdatamodeld */ = {
			isa = XCVersionGroup;
			children = (
				751FCFE52E05B50900FE44D3 /* MixlyModel.xcdatamodel */,
			);
			currentVersion = 751FCFE52E05B50900FE44D3 /* MixlyModel.xcdatamodel */;
			path = MixlyModel.xcdatamodeld;
			sourceTree = "<group>";
			versionGroupType = wrapper.xcdatamodel;
		};
/* End XCVersionGroup section */
	};
	rootObject = 759ADBB02E05039C00372684 /* Project object */;
}
